// !$*UTF8*$!
{
	archiveVersion = 1;
	classes = {
	};
	objectVersion = 54;
	objects = {

/* Begin PBXBuildFile section */
		00E356F31AD99517003FC87E /* sr_marketplace_reactnativeTests.m in Sources */ = {isa = PBXBuildFile; fileRef = 00E356F21AD99517003FC87E /* sr_marketplace_reactnativeTests.m */; };
		18B56C43DB8A34AB27F1CFF9 /* libPods-sr_marketplace_reactnativeCommonPods-sr_marketplace_reactnativeTests.a in Frameworks */ = {isa = PBXBuildFile; fileRef = E3C0DC05FFBEAF4380E31220 /* libPods-sr_marketplace_reactnativeCommonPods-sr_marketplace_reactnativeTests.a */; };
		5404C34934B3DD35A099D80A /* libPods-sr_marketplace_reactnativeCommonPods-staging.a in Frameworks */ = {isa = PBXBuildFile; fileRef = 86EF40D3B8235325A473DF58 /* libPods-sr_marketplace_reactnativeCommonPods-staging.a */; };
		864012D201449C2E47A73E0D /* libPods-sr_marketplace_reactnativeCommonPods-production.a in Frameworks */ = {isa = PBXBuildFile; fileRef = 46EBBDF45162EBDC6B3644B5 /* libPods-sr_marketplace_reactnativeCommonPods-production.a */; };
		AEAF916BD396918D276C5804 /* libPods-sr_marketplace_reactnativeCommonPods-develop.a in Frameworks */ = {isa = PBXBuildFile; fileRef = F1E317F34435935EE8BE3CC7 /* libPods-sr_marketplace_reactnativeCommonPods-develop.a */; };
		C86501622963C2C800E60AEB /* AppDelegate.mm in Sources */ = {isa = PBXBuildFile; fileRef = 13B07FB01A68108700A75B9A /* AppDelegate.mm */; };
		C86501632963C2C800E60AEB /* main.m in Sources */ = {isa = PBXBuildFile; fileRef = 13B07FB71A68108700A75B9A /* main.m */; };
		C86501672963C2C800E60AEB /* LaunchScreen.storyboard in Resources */ = {isa = PBXBuildFile; fileRef = 81AB9BB72411601600AC10FF /* LaunchScreen.storyboard */; };
		C86501682963C2C800E60AEB /* Images.xcassets in Resources */ = {isa = PBXBuildFile; fileRef = 13B07FB51A68108700A75B9A /* Images.xcassets */; };
		C86501752963C2CE00E60AEB /* AppDelegate.mm in Sources */ = {isa = PBXBuildFile; fileRef = 13B07FB01A68108700A75B9A /* AppDelegate.mm */; };
		C86501762963C2CE00E60AEB /* main.m in Sources */ = {isa = PBXBuildFile; fileRef = 13B07FB71A68108700A75B9A /* main.m */; };
		C865017A2963C2CE00E60AEB /* LaunchScreen.storyboard in Resources */ = {isa = PBXBuildFile; fileRef = 81AB9BB72411601600AC10FF /* LaunchScreen.storyboard */; };
		C865017B2963C2CE00E60AEB /* Images.xcassets in Resources */ = {isa = PBXBuildFile; fileRef = 13B07FB51A68108700A75B9A /* Images.xcassets */; };
		C86501882963C2D000E60AEB /* AppDelegate.mm in Sources */ = {isa = PBXBuildFile; fileRef = 13B07FB01A68108700A75B9A /* AppDelegate.mm */; };
		C86501892963C2D000E60AEB /* main.m in Sources */ = {isa = PBXBuildFile; fileRef = 13B07FB71A68108700A75B9A /* main.m */; };
		C865018D2963C2D000E60AEB /* LaunchScreen.storyboard in Resources */ = {isa = PBXBuildFile; fileRef = 81AB9BB72411601600AC10FF /* LaunchScreen.storyboard */; };
		C865018E2963C2D000E60AEB /* Images.xcassets in Resources */ = {isa = PBXBuildFile; fileRef = 13B07FB51A68108700A75B9A /* Images.xcassets */; };
/* End PBXBuildFile section */

/* Begin PBXFileReference section */
		00365F422E1D8B05BE8C82EF /* Pods-sr_marketplace_reactnativeCommonPods-production.debug-production.xcconfig */ = {isa = PBXFileReference; includeInIndex = 1; lastKnownFileType = text.xcconfig; name = "Pods-sr_marketplace_reactnativeCommonPods-production.debug-production.xcconfig"; path = "Target Support Files/Pods-sr_marketplace_reactnativeCommonPods-production/Pods-sr_marketplace_reactnativeCommonPods-production.debug-production.xcconfig"; sourceTree = "<group>"; };
		00E356EE1AD99517003FC87E /* sr_marketplace_reactnativeTests.xctest */ = {isa = PBXFileReference; explicitFileType = wrapper.cfbundle; includeInIndex = 0; path = sr_marketplace_reactnativeTests.xctest; sourceTree = BUILT_PRODUCTS_DIR; };
		00E356F11AD99517003FC87E /* Info.plist */ = {isa = PBXFileReference; lastKnownFileType = text.plist.xml; path = Info.plist; sourceTree = "<group>"; };
		00E356F21AD99517003FC87E /* sr_marketplace_reactnativeTests.m */ = {isa = PBXFileReference; lastKnownFileType = sourcecode.c.objc; path = sr_marketplace_reactnativeTests.m; sourceTree = "<group>"; };
		083919F4FC456A77229A255A /* Pods-sr_marketplace_reactnativeCommonPods-staging.debug-production.xcconfig */ = {isa = PBXFileReference; includeInIndex = 1; lastKnownFileType = text.xcconfig; name = "Pods-sr_marketplace_reactnativeCommonPods-staging.debug-production.xcconfig"; path = "Target Support Files/Pods-sr_marketplace_reactnativeCommonPods-staging/Pods-sr_marketplace_reactnativeCommonPods-staging.debug-production.xcconfig"; sourceTree = "<group>"; };
		13B07FAF1A68108700A75B9A /* AppDelegate.h */ = {isa = PBXFileReference; fileEncoding = 4; lastKnownFileType = sourcecode.c.h; name = AppDelegate.h; path = sr_marketplace_reactnative/AppDelegate.h; sourceTree = "<group>"; };
		13B07FB01A68108700A75B9A /* AppDelegate.mm */ = {isa = PBXFileReference; fileEncoding = 4; lastKnownFileType = sourcecode.cpp.objcpp; name = AppDelegate.mm; path = sr_marketplace_reactnative/AppDelegate.mm; sourceTree = "<group>"; };
		13B07FB51A68108700A75B9A /* Images.xcassets */ = {isa = PBXFileReference; lastKnownFileType = folder.assetcatalog; name = Images.xcassets; path = sr_marketplace_reactnative/Images.xcassets; sourceTree = "<group>"; };
		13B07FB61A68108700A75B9A /* Info.plist */ = {isa = PBXFileReference; fileEncoding = 4; lastKnownFileType = text.plist.xml; name = Info.plist; path = sr_marketplace_reactnative/Info.plist; sourceTree = "<group>"; };
		13B07FB71A68108700A75B9A /* main.m */ = {isa = PBXFileReference; fileEncoding = 4; lastKnownFileType = sourcecode.c.objc; name = main.m; path = sr_marketplace_reactnative/main.m; sourceTree = "<group>"; };
		1AD772C3A421525D37A3596D /* Pods-sr_marketplace_reactnativeCommonPods-develop.release-develop.xcconfig */ = {isa = PBXFileReference; includeInIndex = 1; lastKnownFileType = text.xcconfig; name = "Pods-sr_marketplace_reactnativeCommonPods-develop.release-develop.xcconfig"; path = "Target Support Files/Pods-sr_marketplace_reactnativeCommonPods-develop/Pods-sr_marketplace_reactnativeCommonPods-develop.release-develop.xcconfig"; sourceTree = "<group>"; };
		1ADC83719806BDB313ED7007 /* Pods-sr_marketplace_reactnativeCommonPods-staging.release-staging.xcconfig */ = {isa = PBXFileReference; includeInIndex = 1; lastKnownFileType = text.xcconfig; name = "Pods-sr_marketplace_reactnativeCommonPods-staging.release-staging.xcconfig"; path = "Target Support Files/Pods-sr_marketplace_reactnativeCommonPods-staging/Pods-sr_marketplace_reactnativeCommonPods-staging.release-staging.xcconfig"; sourceTree = "<group>"; };
		1B5E90DF4B1AE4F16F13E587 /* Pods-sr_marketplace_reactnativeCommonPods-staging.debug-staging.xcconfig */ = {isa = PBXFileReference; includeInIndex = 1; lastKnownFileType = text.xcconfig; name = "Pods-sr_marketplace_reactnativeCommonPods-staging.debug-staging.xcconfig"; path = "Target Support Files/Pods-sr_marketplace_reactnativeCommonPods-staging/Pods-sr_marketplace_reactnativeCommonPods-staging.debug-staging.xcconfig"; sourceTree = "<group>"; };
		1B9C2C775BFFF41E2D1F36E6 /* Pods-sr_marketplace_reactnativeCommonPods-production.release-develop.xcconfig */ = {isa = PBXFileReference; includeInIndex = 1; lastKnownFileType = text.xcconfig; name = "Pods-sr_marketplace_reactnativeCommonPods-production.release-develop.xcconfig"; path = "Target Support Files/Pods-sr_marketplace_reactnativeCommonPods-production/Pods-sr_marketplace_reactnativeCommonPods-production.release-develop.xcconfig"; sourceTree = "<group>"; };
		1F697115320228F09ABF76C0 /* Pods-sr_marketplace_reactnativeCommonPods-sr_marketplace_reactnativeTests.release-production.xcconfig */ = {isa = PBXFileReference; includeInIndex = 1; lastKnownFileType = text.xcconfig; name = "Pods-sr_marketplace_reactnativeCommonPods-sr_marketplace_reactnativeTests.release-production.xcconfig"; path = "Target Support Files/Pods-sr_marketplace_reactnativeCommonPods-sr_marketplace_reactnativeTests/Pods-sr_marketplace_reactnativeCommonPods-sr_marketplace_reactnativeTests.release-production.xcconfig"; sourceTree = "<group>"; };
		29A692F4E21B7A8E395BF8B7 /* Pods-sr_marketplace_reactnativeCommonPods-sr_marketplace_reactnativeTests.debug-production.xcconfig */ = {isa = PBXFileReference; includeInIndex = 1; lastKnownFileType = text.xcconfig; name = "Pods-sr_marketplace_reactnativeCommonPods-sr_marketplace_reactnativeTests.debug-production.xcconfig"; path = "Target Support Files/Pods-sr_marketplace_reactnativeCommonPods-sr_marketplace_reactnativeTests/Pods-sr_marketplace_reactnativeCommonPods-sr_marketplace_reactnativeTests.debug-production.xcconfig"; sourceTree = "<group>"; };
		2BF9FC40FC46D85340F0CF81 /* Pods-sr_marketplace_reactnativeCommonPods-sr_marketplace_reactnativeTests.release-develop.xcconfig */ = {isa = PBXFileReference; includeInIndex = 1; lastKnownFileType = text.xcconfig; name = "Pods-sr_marketplace_reactnativeCommonPods-sr_marketplace_reactnativeTests.release-develop.xcconfig"; path = "Target Support Files/Pods-sr_marketplace_reactnativeCommonPods-sr_marketplace_reactnativeTests/Pods-sr_marketplace_reactnativeCommonPods-sr_marketplace_reactnativeTests.release-develop.xcconfig"; sourceTree = "<group>"; };
		42703207B02CB3728F75EAAB /* Pods-sr_marketplace_reactnativeCommonPods-sr_marketplace_reactnativeTests.debug.xcconfig */ = {isa = PBXFileReference; includeInIndex = 1; lastKnownFileType = text.xcconfig; name = "Pods-sr_marketplace_reactnativeCommonPods-sr_marketplace_reactnativeTests.debug.xcconfig"; path = "Target Support Files/Pods-sr_marketplace_reactnativeCommonPods-sr_marketplace_reactnativeTests/Pods-sr_marketplace_reactnativeCommonPods-sr_marketplace_reactnativeTests.debug.xcconfig"; sourceTree = "<group>"; };
		46EBBDF45162EBDC6B3644B5 /* libPods-sr_marketplace_reactnativeCommonPods-production.a */ = {isa = PBXFileReference; explicitFileType = archive.ar; includeInIndex = 0; path = "libPods-sr_marketplace_reactnativeCommonPods-production.a"; sourceTree = BUILT_PRODUCTS_DIR; };
		4AC49F949D90B0417CEE32A9 /* Pods-sr_marketplace_reactnativeCommonPods-production.debug-develop.xcconfig */ = {isa = PBXFileReference; includeInIndex = 1; lastKnownFileType = text.xcconfig; name = "Pods-sr_marketplace_reactnativeCommonPods-production.debug-develop.xcconfig"; path = "Target Support Files/Pods-sr_marketplace_reactnativeCommonPods-production/Pods-sr_marketplace_reactnativeCommonPods-production.debug-develop.xcconfig"; sourceTree = "<group>"; };
		4CD84890E21AE91CDD971BC7 /* Pods-sr_marketplace_reactnativeCommonPods-production.release-production.xcconfig */ = {isa = PBXFileReference; includeInIndex = 1; lastKnownFileType = text.xcconfig; name = "Pods-sr_marketplace_reactnativeCommonPods-production.release-production.xcconfig"; path = "Target Support Files/Pods-sr_marketplace_reactnativeCommonPods-production/Pods-sr_marketplace_reactnativeCommonPods-production.release-production.xcconfig"; sourceTree = "<group>"; };
		574BEA8CA581A7582BED3A04 /* Pods-sr_marketplace_reactnativeCommonPods-develop.release-staging.xcconfig */ = {isa = PBXFileReference; includeInIndex = 1; lastKnownFileType = text.xcconfig; name = "Pods-sr_marketplace_reactnativeCommonPods-develop.release-staging.xcconfig"; path = "Target Support Files/Pods-sr_marketplace_reactnativeCommonPods-develop/Pods-sr_marketplace_reactnativeCommonPods-develop.release-staging.xcconfig"; sourceTree = "<group>"; };
		579A40817BE2BD6EBEB7B4F9 /* Pods-sr_marketplace_reactnativeCommonPods-staging.debug-develop.xcconfig */ = {isa = PBXFileReference; includeInIndex = 1; lastKnownFileType = text.xcconfig; name = "Pods-sr_marketplace_reactnativeCommonPods-staging.debug-develop.xcconfig"; path = "Target Support Files/Pods-sr_marketplace_reactnativeCommonPods-staging/Pods-sr_marketplace_reactnativeCommonPods-staging.debug-develop.xcconfig"; sourceTree = "<group>"; };
		5B7EB9410499542E8C5724F5 /* Pods-sr_marketplace_reactnative-sr_marketplace_reactnativeTests.debug.xcconfig */ = {isa = PBXFileReference; includeInIndex = 1; lastKnownFileType = text.xcconfig; name = "Pods-sr_marketplace_reactnative-sr_marketplace_reactnativeTests.debug.xcconfig"; path = "Target Support Files/Pods-sr_marketplace_reactnative-sr_marketplace_reactnativeTests/Pods-sr_marketplace_reactnative-sr_marketplace_reactnativeTests.debug.xcconfig"; sourceTree = "<group>"; };
		723165FD292C7D93008D6DA1 /* Fontisto.ttf */ = {isa = PBXFileReference; lastKnownFileType = file; path = Fontisto.ttf; sourceTree = "<group>"; };
		723165FE292C7D93008D6DA1 /* Octicons.ttf */ = {isa = PBXFileReference; lastKnownFileType = file; path = Octicons.ttf; sourceTree = "<group>"; };
		723165FF292C7D93008D6DA1 /* Feather.ttf */ = {isa = PBXFileReference; lastKnownFileType = file; path = Feather.ttf; sourceTree = "<group>"; };
		72316600292C7D93008D6DA1 /* Entypo.ttf */ = {isa = PBXFileReference; lastKnownFileType = file; path = Entypo.ttf; sourceTree = "<group>"; };
		72316601292C7D93008D6DA1 /* FontAwesome5_Brands.ttf */ = {isa = PBXFileReference; lastKnownFileType = file; path = FontAwesome5_Brands.ttf; sourceTree = "<group>"; };
		72316602292C7D93008D6DA1 /* MaterialCommunityIcons.ttf */ = {isa = PBXFileReference; lastKnownFileType = file; path = MaterialCommunityIcons.ttf; sourceTree = "<group>"; };
		72316603292C7D93008D6DA1 /* AntDesign.ttf */ = {isa = PBXFileReference; lastKnownFileType = file; path = AntDesign.ttf; sourceTree = "<group>"; };
		72316604292C7D93008D6DA1 /* Foundation.ttf */ = {isa = PBXFileReference; lastKnownFileType = file; path = Foundation.ttf; sourceTree = "<group>"; };
		72316605292C7D93008D6DA1 /* Ionicons.ttf */ = {isa = PBXFileReference; lastKnownFileType = file; path = Ionicons.ttf; sourceTree = "<group>"; };
		72316606292C7D93008D6DA1 /* FontAwesome5_Solid.ttf */ = {isa = PBXFileReference; lastKnownFileType = file; path = FontAwesome5_Solid.ttf; sourceTree = "<group>"; };
		72316607292C7D93008D6DA1 /* FontAwesome5_Regular.ttf */ = {isa = PBXFileReference; lastKnownFileType = file; path = FontAwesome5_Regular.ttf; sourceTree = "<group>"; };
		72316608292C7D93008D6DA1 /* FontAwesome.ttf */ = {isa = PBXFileReference; lastKnownFileType = file; path = FontAwesome.ttf; sourceTree = "<group>"; };
		72316609292C7D93008D6DA1 /* Zocial.ttf */ = {isa = PBXFileReference; lastKnownFileType = file; path = Zocial.ttf; sourceTree = "<group>"; };
		7231660A292C7D93008D6DA1 /* EvilIcons.ttf */ = {isa = PBXFileReference; lastKnownFileType = file; path = EvilIcons.ttf; sourceTree = "<group>"; };
		7231660B292C7D93008D6DA1 /* SimpleLineIcons.ttf */ = {isa = PBXFileReference; lastKnownFileType = file; path = SimpleLineIcons.ttf; sourceTree = "<group>"; };
		7231660C292C7D93008D6DA1 /* MaterialIcons.ttf */ = {isa = PBXFileReference; lastKnownFileType = file; path = MaterialIcons.ttf; sourceTree = "<group>"; };
		81AB9BB72411601600AC10FF /* LaunchScreen.storyboard */ = {isa = PBXFileReference; fileEncoding = 4; lastKnownFileType = file.storyboard; name = LaunchScreen.storyboard; path = sr_marketplace_reactnative/LaunchScreen.storyboard; sourceTree = "<group>"; };
		83E588C10959E9D7A08A0272 /* Pods-sr_marketplace_reactnativeCommonPods-develop.release.xcconfig */ = {isa = PBXFileReference; includeInIndex = 1; lastKnownFileType = text.xcconfig; name = "Pods-sr_marketplace_reactnativeCommonPods-develop.release.xcconfig"; path = "Target Support Files/Pods-sr_marketplace_reactnativeCommonPods-develop/Pods-sr_marketplace_reactnativeCommonPods-develop.release.xcconfig"; sourceTree = "<group>"; };
		86EF40D3B8235325A473DF58 /* libPods-sr_marketplace_reactnativeCommonPods-staging.a */ = {isa = PBXFileReference; explicitFileType = archive.ar; includeInIndex = 0; path = "libPods-sr_marketplace_reactnativeCommonPods-staging.a"; sourceTree = BUILT_PRODUCTS_DIR; };
		884BCC26CB802C4CF8270C28 /* Pods-sr_marketplace_reactnativeCommonPods-develop.debug-develop.xcconfig */ = {isa = PBXFileReference; includeInIndex = 1; lastKnownFileType = text.xcconfig; name = "Pods-sr_marketplace_reactnativeCommonPods-develop.debug-develop.xcconfig"; path = "Target Support Files/Pods-sr_marketplace_reactnativeCommonPods-develop/Pods-sr_marketplace_reactnativeCommonPods-develop.debug-develop.xcconfig"; sourceTree = "<group>"; };
		89C6BE57DB24E9ADA2F236DE /* Pods-sr_marketplace_reactnative-sr_marketplace_reactnativeTests.release.xcconfig */ = {isa = PBXFileReference; includeInIndex = 1; lastKnownFileType = text.xcconfig; name = "Pods-sr_marketplace_reactnative-sr_marketplace_reactnativeTests.release.xcconfig"; path = "Target Support Files/Pods-sr_marketplace_reactnative-sr_marketplace_reactnativeTests/Pods-sr_marketplace_reactnative-sr_marketplace_reactnativeTests.release.xcconfig"; sourceTree = "<group>"; };
		924DD3C550791652696CF34D /* Pods-sr_marketplace_reactnativeCommonPods-staging.release-production.xcconfig */ = {isa = PBXFileReference; includeInIndex = 1; lastKnownFileType = text.xcconfig; name = "Pods-sr_marketplace_reactnativeCommonPods-staging.release-production.xcconfig"; path = "Target Support Files/Pods-sr_marketplace_reactnativeCommonPods-staging/Pods-sr_marketplace_reactnativeCommonPods-staging.release-production.xcconfig"; sourceTree = "<group>"; };
		9FDBB71D9184F4C0718C5B45 /* Pods-sr_marketplace_reactnativeCommonPods-sr_marketplace_reactnativeTests.debug-develop.xcconfig */ = {isa = PBXFileReference; includeInIndex = 1; lastKnownFileType = text.xcconfig; name = "Pods-sr_marketplace_reactnativeCommonPods-sr_marketplace_reactnativeTests.debug-develop.xcconfig"; path = "Target Support Files/Pods-sr_marketplace_reactnativeCommonPods-sr_marketplace_reactnativeTests/Pods-sr_marketplace_reactnativeCommonPods-sr_marketplace_reactnativeTests.debug-develop.xcconfig"; sourceTree = "<group>"; };
		A2AD446B6C0A7087DF127387 /* Pods-sr_marketplace_reactnativeCommonPods-sr_marketplace_reactnativeTests.release-staging.xcconfig */ = {isa = PBXFileReference; includeInIndex = 1; lastKnownFileType = text.xcconfig; name = "Pods-sr_marketplace_reactnativeCommonPods-sr_marketplace_reactnativeTests.release-staging.xcconfig"; path = "Target Support Files/Pods-sr_marketplace_reactnativeCommonPods-sr_marketplace_reactnativeTests/Pods-sr_marketplace_reactnativeCommonPods-sr_marketplace_reactnativeTests.release-staging.xcconfig"; sourceTree = "<group>"; };
		AD34D3250359F8CB37187866 /* Pods-sr_marketplace_reactnativeCommonPods-production.release.xcconfig */ = {isa = PBXFileReference; includeInIndex = 1; lastKnownFileType = text.xcconfig; name = "Pods-sr_marketplace_reactnativeCommonPods-production.release.xcconfig"; path = "Target Support Files/Pods-sr_marketplace_reactnativeCommonPods-production/Pods-sr_marketplace_reactnativeCommonPods-production.release.xcconfig"; sourceTree = "<group>"; };
		BA1D73B4B66EAC5B60BB77CD /* Pods-sr_marketplace_reactnativeCommonPods-develop.debug.xcconfig */ = {isa = PBXFileReference; includeInIndex = 1; lastKnownFileType = text.xcconfig; name = "Pods-sr_marketplace_reactnativeCommonPods-develop.debug.xcconfig"; path = "Target Support Files/Pods-sr_marketplace_reactnativeCommonPods-develop/Pods-sr_marketplace_reactnativeCommonPods-develop.debug.xcconfig"; sourceTree = "<group>"; };
		BE42068E3843E2E786066392 /* Pods-sr_marketplace_reactnativeCommonPods-staging.release.xcconfig */ = {isa = PBXFileReference; includeInIndex = 1; lastKnownFileType = text.xcconfig; name = "Pods-sr_marketplace_reactnativeCommonPods-staging.release.xcconfig"; path = "Target Support Files/Pods-sr_marketplace_reactnativeCommonPods-staging/Pods-sr_marketplace_reactnativeCommonPods-staging.release.xcconfig"; sourceTree = "<group>"; };
		C133F2F1A5D4679D671FCB9F /* Pods-sr_marketplace_reactnativeCommonPods-production.release-staging.xcconfig */ = {isa = PBXFileReference; includeInIndex = 1; lastKnownFileType = text.xcconfig; name = "Pods-sr_marketplace_reactnativeCommonPods-production.release-staging.xcconfig"; path = "Target Support Files/Pods-sr_marketplace_reactnativeCommonPods-production/Pods-sr_marketplace_reactnativeCommonPods-production.release-staging.xcconfig"; sourceTree = "<group>"; };
		C324A370B68860579485E5FE /* Pods-sr_marketplace_reactnativeCommonPods-production.debug.xcconfig */ = {isa = PBXFileReference; includeInIndex = 1; lastKnownFileType = text.xcconfig; name = "Pods-sr_marketplace_reactnativeCommonPods-production.debug.xcconfig"; path = "Target Support Files/Pods-sr_marketplace_reactnativeCommonPods-production/Pods-sr_marketplace_reactnativeCommonPods-production.debug.xcconfig"; sourceTree = "<group>"; };
		C865016F2963C2C800E60AEB /* develop.app */ = {isa = PBXFileReference; explicitFileType = wrapper.application; includeInIndex = 0; path = develop.app; sourceTree = BUILT_PRODUCTS_DIR; };
		C86501702963C2C800E60AEB /* Info-develop.plist */ = {isa = PBXFileReference; lastKnownFileType = text.plist.xml; name = "Info-develop.plist"; path = "/Users/pro201916/Desktop/react_native/vihat_base/ios/Info-develop.plist"; sourceTree = "<absolute>"; };
		C86501822963C2CE00E60AEB /* staging.app */ = {isa = PBXFileReference; explicitFileType = wrapper.application; includeInIndex = 0; path = staging.app; sourceTree = BUILT_PRODUCTS_DIR; };
		C86501832963C2CE00E60AEB /* Info-staging.plist */ = {isa = PBXFileReference; lastKnownFileType = text.plist.xml; name = "Info-staging.plist"; path = "/Users/pro201916/Desktop/react_native/vihat_base/ios/Info-staging.plist"; sourceTree = "<absolute>"; };
		C86501952963C2D000E60AEB /* production.app */ = {isa = PBXFileReference; explicitFileType = wrapper.application; includeInIndex = 0; path = production.app; sourceTree = BUILT_PRODUCTS_DIR; };
		C86501962963C2D100E60AEB /* Info-production.plist */ = {isa = PBXFileReference; lastKnownFileType = text.plist.xml; name = "Info-production.plist"; path = "/Users/pro201916/Desktop/react_native/vihat_base/ios/Info-production.plist"; sourceTree = "<absolute>"; };
		C86501972963CAF200E60AEB /* Config.xcconfig */ = {isa = PBXFileReference; lastKnownFileType = text.xcconfig; path = Config.xcconfig; sourceTree = "<group>"; };
		CABC737B11FA751C3BFE4C01 /* Pods-sr_marketplace_reactnativeCommonPods-staging.release-develop.xcconfig */ = {isa = PBXFileReference; includeInIndex = 1; lastKnownFileType = text.xcconfig; name = "Pods-sr_marketplace_reactnativeCommonPods-staging.release-develop.xcconfig"; path = "Target Support Files/Pods-sr_marketplace_reactnativeCommonPods-staging/Pods-sr_marketplace_reactnativeCommonPods-staging.release-develop.xcconfig"; sourceTree = "<group>"; };
		CCD047AC0C30F9BF8B0F5C47 /* Pods-sr_marketplace_reactnativeCommonPods-develop.debug-production.xcconfig */ = {isa = PBXFileReference; includeInIndex = 1; lastKnownFileType = text.xcconfig; name = "Pods-sr_marketplace_reactnativeCommonPods-develop.debug-production.xcconfig"; path = "Target Support Files/Pods-sr_marketplace_reactnativeCommonPods-develop/Pods-sr_marketplace_reactnativeCommonPods-develop.debug-production.xcconfig"; sourceTree = "<group>"; };
		DB9DDEC19B6FFAC43499D489 /* Pods-sr_marketplace_reactnativeCommonPods-develop.release-production.xcconfig */ = {isa = PBXFileReference; includeInIndex = 1; lastKnownFileType = text.xcconfig; name = "Pods-sr_marketplace_reactnativeCommonPods-develop.release-production.xcconfig"; path = "Target Support Files/Pods-sr_marketplace_reactnativeCommonPods-develop/Pods-sr_marketplace_reactnativeCommonPods-develop.release-production.xcconfig"; sourceTree = "<group>"; };
		DF72CEA503E5A0E174861EEE /* Pods-sr_marketplace_reactnativeCommonPods-staging.debug.xcconfig */ = {isa = PBXFileReference; includeInIndex = 1; lastKnownFileType = text.xcconfig; name = "Pods-sr_marketplace_reactnativeCommonPods-staging.debug.xcconfig"; path = "Target Support Files/Pods-sr_marketplace_reactnativeCommonPods-staging/Pods-sr_marketplace_reactnativeCommonPods-staging.debug.xcconfig"; sourceTree = "<group>"; };
		E3C0DC05FFBEAF4380E31220 /* libPods-sr_marketplace_reactnativeCommonPods-sr_marketplace_reactnativeTests.a */ = {isa = PBXFileReference; explicitFileType = archive.ar; includeInIndex = 0; path = "libPods-sr_marketplace_reactnativeCommonPods-sr_marketplace_reactnativeTests.a"; sourceTree = BUILT_PRODUCTS_DIR; };
		E452E94EF5A0405533985B60 /* Pods-sr_marketplace_reactnativeCommonPods-develop.debug-staging.xcconfig */ = {isa = PBXFileReference; includeInIndex = 1; lastKnownFileType = text.xcconfig; name = "Pods-sr_marketplace_reactnativeCommonPods-develop.debug-staging.xcconfig"; path = "Target Support Files/Pods-sr_marketplace_reactnativeCommonPods-develop/Pods-sr_marketplace_reactnativeCommonPods-develop.debug-staging.xcconfig"; sourceTree = "<group>"; };
		ED297162215061F000B7C4FE /* JavaScriptCore.framework */ = {isa = PBXFileReference; lastKnownFileType = wrapper.framework; name = JavaScriptCore.framework; path = System/Library/Frameworks/JavaScriptCore.framework; sourceTree = SDKROOT; };
		EEC977D345454E8CB7501F8F /* Pods-sr_marketplace_reactnativeCommonPods-sr_marketplace_reactnativeTests.release.xcconfig */ = {isa = PBXFileReference; includeInIndex = 1; lastKnownFileType = text.xcconfig; name = "Pods-sr_marketplace_reactnativeCommonPods-sr_marketplace_reactnativeTests.release.xcconfig"; path = "Target Support Files/Pods-sr_marketplace_reactnativeCommonPods-sr_marketplace_reactnativeTests/Pods-sr_marketplace_reactnativeCommonPods-sr_marketplace_reactnativeTests.release.xcconfig"; sourceTree = "<group>"; };
		F1E317F34435935EE8BE3CC7 /* libPods-sr_marketplace_reactnativeCommonPods-develop.a */ = {isa = PBXFileReference; explicitFileType = archive.ar; includeInIndex = 0; path = "libPods-sr_marketplace_reactnativeCommonPods-develop.a"; sourceTree = BUILT_PRODUCTS_DIR; };
		F65D0171BC2AF38A6DC9D448 /* Pods-sr_marketplace_reactnativeCommonPods-sr_marketplace_reactnativeTests.debug-staging.xcconfig */ = {isa = PBXFileReference; includeInIndex = 1; lastKnownFileType = text.xcconfig; name = "Pods-sr_marketplace_reactnativeCommonPods-sr_marketplace_reactnativeTests.debug-staging.xcconfig"; path = "Target Support Files/Pods-sr_marketplace_reactnativeCommonPods-sr_marketplace_reactnativeTests/Pods-sr_marketplace_reactnativeCommonPods-sr_marketplace_reactnativeTests.debug-staging.xcconfig"; sourceTree = "<group>"; };
		FF0259179703FF4F3DCDE6D6 /* Pods-sr_marketplace_reactnativeCommonPods-production.debug-staging.xcconfig */ = {isa = PBXFileReference; includeInIndex = 1; lastKnownFileType = text.xcconfig; name = "Pods-sr_marketplace_reactnativeCommonPods-production.debug-staging.xcconfig"; path = "Target Support Files/Pods-sr_marketplace_reactnativeCommonPods-production/Pods-sr_marketplace_reactnativeCommonPods-production.debug-staging.xcconfig"; sourceTree = "<group>"; };
/* End PBXFileReference section */

/* Begin PBXFrameworksBuildPhase section */
		00E356EB1AD99517003FC87E /* Frameworks */ = {
			isa = PBXFrameworksBuildPhase;
			buildActionMask = 2147483647;
			files = (
				18B56C43DB8A34AB27F1CFF9 /* libPods-sr_marketplace_reactnativeCommonPods-sr_marketplace_reactnativeTests.a in Frameworks */,
			);
			runOnlyForDeploymentPostprocessing = 0;
		};
		C86501642963C2C800E60AEB /* Frameworks */ = {
			isa = PBXFrameworksBuildPhase;
			buildActionMask = 2147483647;
			files = (
				AEAF916BD396918D276C5804 /* libPods-sr_marketplace_reactnativeCommonPods-develop.a in Frameworks */,
			);
			runOnlyForDeploymentPostprocessing = 0;
		};
		C86501772963C2CE00E60AEB /* Frameworks */ = {
			isa = PBXFrameworksBuildPhase;
			buildActionMask = 2147483647;
			files = (
				5404C34934B3DD35A099D80A /* libPods-sr_marketplace_reactnativeCommonPods-staging.a in Frameworks */,
			);
			runOnlyForDeploymentPostprocessing = 0;
		};
		C865018A2963C2D000E60AEB /* Frameworks */ = {
			isa = PBXFrameworksBuildPhase;
			buildActionMask = 2147483647;
			files = (
				864012D201449C2E47A73E0D /* libPods-sr_marketplace_reactnativeCommonPods-production.a in Frameworks */,
			);
			runOnlyForDeploymentPostprocessing = 0;
		};
/* End PBXFrameworksBuildPhase section */

/* Begin PBXGroup section */
		00E356EF1AD99517003FC87E /* sr_marketplace_reactnativeTests */ = {
			isa = PBXGroup;
			children = (
				00E356F21AD99517003FC87E /* sr_marketplace_reactnativeTests.m */,
				00E356F01AD99517003FC87E /* Supporting Files */,
			);
			path = sr_marketplace_reactnativeTests;
			sourceTree = "<group>";
		};
		00E356F01AD99517003FC87E /* Supporting Files */ = {
			isa = PBXGroup;
			children = (
				00E356F11AD99517003FC87E /* Info.plist */,
			);
			name = "Supporting Files";
			sourceTree = "<group>";
		};
		13B07FAE1A68108700A75B9A /* sr_marketplace_reactnative */ = {
			isa = PBXGroup;
			children = (
				13B07FAF1A68108700A75B9A /* AppDelegate.h */,
				13B07FB01A68108700A75B9A /* AppDelegate.mm */,
				13B07FB51A68108700A75B9A /* Images.xcassets */,
				13B07FB61A68108700A75B9A /* Info.plist */,
				81AB9BB72411601600AC10FF /* LaunchScreen.storyboard */,
				13B07FB71A68108700A75B9A /* main.m */,
			);
			name = sr_marketplace_reactnative;
			sourceTree = "<group>";
		};
		2D16E6871FA4F8E400B85C8A /* Frameworks */ = {
			isa = PBXGroup;
			children = (
				ED297162215061F000B7C4FE /* JavaScriptCore.framework */,
				F1E317F34435935EE8BE3CC7 /* libPods-sr_marketplace_reactnativeCommonPods-develop.a */,
				46EBBDF45162EBDC6B3644B5 /* libPods-sr_marketplace_reactnativeCommonPods-production.a */,
				E3C0DC05FFBEAF4380E31220 /* libPods-sr_marketplace_reactnativeCommonPods-sr_marketplace_reactnativeTests.a */,
				86EF40D3B8235325A473DF58 /* libPods-sr_marketplace_reactnativeCommonPods-staging.a */,
			);
			name = Frameworks;
			sourceTree = "<group>";
		};
		723165FC292C7D93008D6DA1 /* Fonts */ = {
			isa = PBXGroup;
			children = (
				723165FD292C7D93008D6DA1 /* Fontisto.ttf */,
				723165FE292C7D93008D6DA1 /* Octicons.ttf */,
				723165FF292C7D93008D6DA1 /* Feather.ttf */,
				72316600292C7D93008D6DA1 /* Entypo.ttf */,
				72316601292C7D93008D6DA1 /* FontAwesome5_Brands.ttf */,
				72316602292C7D93008D6DA1 /* MaterialCommunityIcons.ttf */,
				72316603292C7D93008D6DA1 /* AntDesign.ttf */,
				72316604292C7D93008D6DA1 /* Foundation.ttf */,
				72316605292C7D93008D6DA1 /* Ionicons.ttf */,
				72316606292C7D93008D6DA1 /* FontAwesome5_Solid.ttf */,
				72316607292C7D93008D6DA1 /* FontAwesome5_Regular.ttf */,
				72316608292C7D93008D6DA1 /* FontAwesome.ttf */,
				72316609292C7D93008D6DA1 /* Zocial.ttf */,
				7231660A292C7D93008D6DA1 /* EvilIcons.ttf */,
				7231660B292C7D93008D6DA1 /* SimpleLineIcons.ttf */,
				7231660C292C7D93008D6DA1 /* MaterialIcons.ttf */,
			);
			path = Fonts;
			sourceTree = "<group>";
		};
		832341AE1AAA6A7D00B99B32 /* Libraries */ = {
			isa = PBXGroup;
			children = (
			);
			name = Libraries;
			sourceTree = "<group>";
		};
		83CBB9F61A601CBA00E9B192 = {
			isa = PBXGroup;
			children = (
				C86501972963CAF200E60AEB /* Config.xcconfig */,
				723165FC292C7D93008D6DA1 /* Fonts */,
				13B07FAE1A68108700A75B9A /* sr_marketplace_reactnative */,
				832341AE1AAA6A7D00B99B32 /* Libraries */,
				00E356EF1AD99517003FC87E /* sr_marketplace_reactnativeTests */,
				83CBBA001A601CBA00E9B192 /* Products */,
				2D16E6871FA4F8E400B85C8A /* Frameworks */,
				BBD78D7AC51CEA395F1C20DB /* Pods */,
				C86501702963C2C800E60AEB /* Info-develop.plist */,
				C86501832963C2CE00E60AEB /* Info-staging.plist */,
				C86501962963C2D100E60AEB /* Info-production.plist */,
			);
			indentWidth = 2;
			sourceTree = "<group>";
			tabWidth = 2;
			usesTabs = 0;
		};
		83CBBA001A601CBA00E9B192 /* Products */ = {
			isa = PBXGroup;
			children = (
				00E356EE1AD99517003FC87E /* sr_marketplace_reactnativeTests.xctest */,
				C865016F2963C2C800E60AEB /* develop.app */,
				C86501822963C2CE00E60AEB /* staging.app */,
				C86501952963C2D000E60AEB /* production.app */,
			);
			name = Products;
			sourceTree = "<group>";
		};
		BBD78D7AC51CEA395F1C20DB /* Pods */ = {
			isa = PBXGroup;
			children = (
				5B7EB9410499542E8C5724F5 /* Pods-sr_marketplace_reactnative-sr_marketplace_reactnativeTests.debug.xcconfig */,
				89C6BE57DB24E9ADA2F236DE /* Pods-sr_marketplace_reactnative-sr_marketplace_reactnativeTests.release.xcconfig */,
				BA1D73B4B66EAC5B60BB77CD /* Pods-sr_marketplace_reactnativeCommonPods-develop.debug.xcconfig */,
				83E588C10959E9D7A08A0272 /* Pods-sr_marketplace_reactnativeCommonPods-develop.release.xcconfig */,
				C324A370B68860579485E5FE /* Pods-sr_marketplace_reactnativeCommonPods-production.debug.xcconfig */,
				AD34D3250359F8CB37187866 /* Pods-sr_marketplace_reactnativeCommonPods-production.release.xcconfig */,
				42703207B02CB3728F75EAAB /* Pods-sr_marketplace_reactnativeCommonPods-sr_marketplace_reactnativeTests.debug.xcconfig */,
				EEC977D345454E8CB7501F8F /* Pods-sr_marketplace_reactnativeCommonPods-sr_marketplace_reactnativeTests.release.xcconfig */,
				DF72CEA503E5A0E174861EEE /* Pods-sr_marketplace_reactnativeCommonPods-staging.debug.xcconfig */,
				BE42068E3843E2E786066392 /* Pods-sr_marketplace_reactnativeCommonPods-staging.release.xcconfig */,
				884BCC26CB802C4CF8270C28 /* Pods-sr_marketplace_reactnativeCommonPods-develop.debug-develop.xcconfig */,
				CCD047AC0C30F9BF8B0F5C47 /* Pods-sr_marketplace_reactnativeCommonPods-develop.debug-production.xcconfig */,
				E452E94EF5A0405533985B60 /* Pods-sr_marketplace_reactnativeCommonPods-develop.debug-staging.xcconfig */,
				1AD772C3A421525D37A3596D /* Pods-sr_marketplace_reactnativeCommonPods-develop.release-develop.xcconfig */,
				574BEA8CA581A7582BED3A04 /* Pods-sr_marketplace_reactnativeCommonPods-develop.release-staging.xcconfig */,
				DB9DDEC19B6FFAC43499D489 /* Pods-sr_marketplace_reactnativeCommonPods-develop.release-production.xcconfig */,
				4AC49F949D90B0417CEE32A9 /* Pods-sr_marketplace_reactnativeCommonPods-production.debug-develop.xcconfig */,
				00365F422E1D8B05BE8C82EF /* Pods-sr_marketplace_reactnativeCommonPods-production.debug-production.xcconfig */,
				FF0259179703FF4F3DCDE6D6 /* Pods-sr_marketplace_reactnativeCommonPods-production.debug-staging.xcconfig */,
				1B9C2C775BFFF41E2D1F36E6 /* Pods-sr_marketplace_reactnativeCommonPods-production.release-develop.xcconfig */,
				C133F2F1A5D4679D671FCB9F /* Pods-sr_marketplace_reactnativeCommonPods-production.release-staging.xcconfig */,
				4CD84890E21AE91CDD971BC7 /* Pods-sr_marketplace_reactnativeCommonPods-production.release-production.xcconfig */,
				9FDBB71D9184F4C0718C5B45 /* Pods-sr_marketplace_reactnativeCommonPods-sr_marketplace_reactnativeTests.debug-develop.xcconfig */,
				29A692F4E21B7A8E395BF8B7 /* Pods-sr_marketplace_reactnativeCommonPods-sr_marketplace_reactnativeTests.debug-production.xcconfig */,
				F65D0171BC2AF38A6DC9D448 /* Pods-sr_marketplace_reactnativeCommonPods-sr_marketplace_reactnativeTests.debug-staging.xcconfig */,
				2BF9FC40FC46D85340F0CF81 /* Pods-sr_marketplace_reactnativeCommonPods-sr_marketplace_reactnativeTests.release-develop.xcconfig */,
				A2AD446B6C0A7087DF127387 /* Pods-sr_marketplace_reactnativeCommonPods-sr_marketplace_reactnativeTests.release-staging.xcconfig */,
				1F697115320228F09ABF76C0 /* Pods-sr_marketplace_reactnativeCommonPods-sr_marketplace_reactnativeTests.release-production.xcconfig */,
				579A40817BE2BD6EBEB7B4F9 /* Pods-sr_marketplace_reactnativeCommonPods-staging.debug-develop.xcconfig */,
				083919F4FC456A77229A255A /* Pods-sr_marketplace_reactnativeCommonPods-staging.debug-production.xcconfig */,
				1B5E90DF4B1AE4F16F13E587 /* Pods-sr_marketplace_reactnativeCommonPods-staging.debug-staging.xcconfig */,
				CABC737B11FA751C3BFE4C01 /* Pods-sr_marketplace_reactnativeCommonPods-staging.release-develop.xcconfig */,
				1ADC83719806BDB313ED7007 /* Pods-sr_marketplace_reactnativeCommonPods-staging.release-staging.xcconfig */,
				924DD3C550791652696CF34D /* Pods-sr_marketplace_reactnativeCommonPods-staging.release-production.xcconfig */,
			);
			path = Pods;
			sourceTree = "<group>";
		};
/* End PBXGroup section */

/* Begin PBXNativeTarget section */
		00E356ED1AD99517003FC87E /* sr_marketplace_reactnativeTests */ = {
			isa = PBXNativeTarget;
			buildConfigurationList = 00E357021AD99517003FC87E /* Build configuration list for PBXNativeTarget "sr_marketplace_reactnativeTests" */;
			buildPhases = (
				A55EABD7B0C7F3A422A6CC61 /* [CP] Check Pods Manifest.lock */,
				00E356EA1AD99517003FC87E /* Sources */,
				00E356EB1AD99517003FC87E /* Frameworks */,
				00E356EC1AD99517003FC87E /* Resources */,
				C59DA0FBD6956966B86A3779 /* [CP] Embed Pods Frameworks */,
				F6A41C54EA430FDDC6A6ED99 /* [CP] Copy Pods Resources */,
			);
			buildRules = (
			);
			dependencies = (
			);
			name = sr_marketplace_reactnativeTests;
			productName = sr_marketplace_reactnativeTests;
			productReference = 00E356EE1AD99517003FC87E /* sr_marketplace_reactnativeTests.xctest */;
			productType = "com.apple.product-type.bundle.unit-test";
		};
		C865015E2963C2C800E60AEB /* develop */ = {
			isa = PBXNativeTarget;
			buildConfigurationList = C865016C2963C2C800E60AEB /* Build configuration list for PBXNativeTarget "develop" */;
			buildPhases = (
				C865015F2963C2C800E60AEB /* [CP] Check Pods Manifest.lock */,
				C86501602963C2C800E60AEB /* Start Packager */,
				C86501612963C2C800E60AEB /* Sources */,
				C86501642963C2C800E60AEB /* Frameworks */,
				C86501662963C2C800E60AEB /* Resources */,
				C86501692963C2C800E60AEB /* Bundle React Native code and images */,
				C865016A2963C2C800E60AEB /* [CP] Embed Pods Frameworks */,
				C865016B2963C2C800E60AEB /* [CP] Copy Pods Resources */,
			);
			buildRules = (
			);
			dependencies = (
			);
			name = develop;
			productName = sr_marketplace_reactnative;
			productReference = C865016F2963C2C800E60AEB /* develop.app */;
			productType = "com.apple.product-type.application";
		};
		C86501712963C2CE00E60AEB /* staging */ = {
			isa = PBXNativeTarget;
			buildConfigurationList = C865017F2963C2CE00E60AEB /* Build configuration list for PBXNativeTarget "staging" */;
			buildPhases = (
				C86501722963C2CE00E60AEB /* [CP] Check Pods Manifest.lock */,
				C86501732963C2CE00E60AEB /* Start Packager */,
				C86501742963C2CE00E60AEB /* Sources */,
				C86501772963C2CE00E60AEB /* Frameworks */,
				C86501792963C2CE00E60AEB /* Resources */,
				C865017C2963C2CE00E60AEB /* Bundle React Native code and images */,
				C865017D2963C2CE00E60AEB /* [CP] Embed Pods Frameworks */,
				C865017E2963C2CE00E60AEB /* [CP] Copy Pods Resources */,
			);
			buildRules = (
			);
			dependencies = (
			);
			name = staging;
			productName = sr_marketplace_reactnative;
			productReference = C86501822963C2CE00E60AEB /* staging.app */;
			productType = "com.apple.product-type.application";
		};
		C86501842963C2D000E60AEB /* production */ = {
			isa = PBXNativeTarget;
			buildConfigurationList = C86501922963C2D000E60AEB /* Build configuration list for PBXNativeTarget "production" */;
			buildPhases = (
				C86501852963C2D000E60AEB /* [CP] Check Pods Manifest.lock */,
				C86501862963C2D000E60AEB /* Start Packager */,
				C86501872963C2D000E60AEB /* Sources */,
				C865018A2963C2D000E60AEB /* Frameworks */,
				C865018C2963C2D000E60AEB /* Resources */,
				C865018F2963C2D000E60AEB /* Bundle React Native code and images */,
				C86501902963C2D000E60AEB /* [CP] Embed Pods Frameworks */,
				C86501912963C2D000E60AEB /* [CP] Copy Pods Resources */,
			);
			buildRules = (
			);
			dependencies = (
			);
			name = production;
			productName = sr_marketplace_reactnative;
			productReference = C86501952963C2D000E60AEB /* production.app */;
			productType = "com.apple.product-type.application";
		};
/* End PBXNativeTarget section */

/* Begin PBXProject section */
		83CBB9F71A601CBA00E9B192 /* Project object */ = {
			isa = PBXProject;
			attributes = {
				LastUpgradeCheck = 1210;
				TargetAttributes = {
					00E356ED1AD99517003FC87E = {
						CreatedOnToolsVersion = 6.2;
						TestTargetID = 13B07F861A680F5B00A75B9A;
					};
				};
			};
			buildConfigurationList = 83CBB9FA1A601CBA00E9B192 /* Build configuration list for PBXProject "sr_marketplace_reactnative" */;
			compatibilityVersion = "Xcode 12.0";
			developmentRegion = en;
			hasScannedForEncodings = 0;
			knownRegions = (
				en,
				Base,
			);
			mainGroup = 83CBB9F61A601CBA00E9B192;
			productRefGroup = 83CBBA001A601CBA00E9B192 /* Products */;
			projectDirPath = "";
			projectRoot = "";
			targets = (
				00E356ED1AD99517003FC87E /* sr_marketplace_reactnativeTests */,
				C865015E2963C2C800E60AEB /* develop */,
				C86501712963C2CE00E60AEB /* staging */,
				C86501842963C2D000E60AEB /* production */,
			);
		};
/* End PBXProject section */

/* Begin PBXResourcesBuildPhase section */
		00E356EC1AD99517003FC87E /* Resources */ = {
			isa = PBXResourcesBuildPhase;
			buildActionMask = 2147483647;
			files = (
			);
			runOnlyForDeploymentPostprocessing = 0;
		};
		C86501662963C2C800E60AEB /* Resources */ = {
			isa = PBXResourcesBuildPhase;
			buildActionMask = 2147483647;
			files = (
				C86501672963C2C800E60AEB /* LaunchScreen.storyboard in Resources */,
				C86501682963C2C800E60AEB /* Images.xcassets in Resources */,
			);
			runOnlyForDeploymentPostprocessing = 0;
		};
		C86501792963C2CE00E60AEB /* Resources */ = {
			isa = PBXResourcesBuildPhase;
			buildActionMask = 2147483647;
			files = (
				C865017A2963C2CE00E60AEB /* LaunchScreen.storyboard in Resources */,
				C865017B2963C2CE00E60AEB /* Images.xcassets in Resources */,
			);
			runOnlyForDeploymentPostprocessing = 0;
		};
		C865018C2963C2D000E60AEB /* Resources */ = {
			isa = PBXResourcesBuildPhase;
			buildActionMask = 2147483647;
			files = (
				C865018D2963C2D000E60AEB /* LaunchScreen.storyboard in Resources */,
				C865018E2963C2D000E60AEB /* Images.xcassets in Resources */,
			);
			runOnlyForDeploymentPostprocessing = 0;
		};
/* End PBXResourcesBuildPhase section */

/* Begin PBXShellScriptBuildPhase section */
		A55EABD7B0C7F3A422A6CC61 /* [CP] Check Pods Manifest.lock */ = {
			isa = PBXShellScriptBuildPhase;
			buildActionMask = 2147483647;
			files = (
			);
			inputFileListPaths = (
			);
			inputPaths = (
				"${PODS_PODFILE_DIR_PATH}/Podfile.lock",
				"${PODS_ROOT}/Manifest.lock",
			);
			name = "[CP] Check Pods Manifest.lock";
			outputFileListPaths = (
			);
			outputPaths = (
				"$(DERIVED_FILE_DIR)/Pods-sr_marketplace_reactnativeCommonPods-sr_marketplace_reactnativeTests-checkManifestLockResult.txt",
			);
			runOnlyForDeploymentPostprocessing = 0;
			shellPath = /bin/sh;
			shellScript = "diff \"${PODS_PODFILE_DIR_PATH}/Podfile.lock\" \"${PODS_ROOT}/Manifest.lock\" > /dev/null\nif [ $? != 0 ] ; then\n    # print error to STDERR\n    echo \"error: The sandbox is not in sync with the Podfile.lock. Run 'pod install' or update your CocoaPods installation.\" >&2\n    exit 1\nfi\n# This output is used by Xcode 'outputs' to avoid re-running this script phase.\necho \"SUCCESS\" > \"${SCRIPT_OUTPUT_FILE_0}\"\n";
			showEnvVarsInLog = 0;
		};
		C59DA0FBD6956966B86A3779 /* [CP] Embed Pods Frameworks */ = {
			isa = PBXShellScriptBuildPhase;
			buildActionMask = 2147483647;
			files = (
			);
			inputFileListPaths = (
				"${PODS_ROOT}/Target Support Files/Pods-sr_marketplace_reactnativeCommonPods-sr_marketplace_reactnativeTests/Pods-sr_marketplace_reactnativeCommonPods-sr_marketplace_reactnativeTests-frameworks-${CONFIGURATION}-input-files.xcfilelist",
			);
			name = "[CP] Embed Pods Frameworks";
			outputFileListPaths = (
				"${PODS_ROOT}/Target Support Files/Pods-sr_marketplace_reactnativeCommonPods-sr_marketplace_reactnativeTests/Pods-sr_marketplace_reactnativeCommonPods-sr_marketplace_reactnativeTests-frameworks-${CONFIGURATION}-output-files.xcfilelist",
			);
			runOnlyForDeploymentPostprocessing = 0;
			shellPath = /bin/sh;
			shellScript = "\"${PODS_ROOT}/Target Support Files/Pods-sr_marketplace_reactnativeCommonPods-sr_marketplace_reactnativeTests/Pods-sr_marketplace_reactnativeCommonPods-sr_marketplace_reactnativeTests-frameworks.sh\"\n";
			showEnvVarsInLog = 0;
		};
		C865015F2963C2C800E60AEB /* [CP] Check Pods Manifest.lock */ = {
			isa = PBXShellScriptBuildPhase;
			buildActionMask = 2147483647;
			files = (
			);
			inputFileListPaths = (
			);
			inputPaths = (
				"${PODS_PODFILE_DIR_PATH}/Podfile.lock",
				"${PODS_ROOT}/Manifest.lock",
			);
			name = "[CP] Check Pods Manifest.lock";
			outputFileListPaths = (
			);
			outputPaths = (
				"$(DERIVED_FILE_DIR)/Pods-sr_marketplace_reactnativeCommonPods-develop-checkManifestLockResult.txt",
			);
			runOnlyForDeploymentPostprocessing = 0;
			shellPath = /bin/sh;
			shellScript = "diff \"${PODS_PODFILE_DIR_PATH}/Podfile.lock\" \"${PODS_ROOT}/Manifest.lock\" > /dev/null\nif [ $? != 0 ] ; then\n    # print error to STDERR\n    echo \"error: The sandbox is not in sync with the Podfile.lock. Run 'pod install' or update your CocoaPods installation.\" >&2\n    exit 1\nfi\n# This output is used by Xcode 'outputs' to avoid re-running this script phase.\necho \"SUCCESS\" > \"${SCRIPT_OUTPUT_FILE_0}\"\n";
			showEnvVarsInLog = 0;
		};
		C86501602963C2C800E60AEB /* Start Packager */ = {
			isa = PBXShellScriptBuildPhase;
			buildActionMask = 2147483647;
			files = (
			);
			inputFileListPaths = (
			);
			inputPaths = (
			);
			name = "Start Packager";
			outputFileListPaths = (
			);
			outputPaths = (
			);
			runOnlyForDeploymentPostprocessing = 0;
			shellPath = /bin/sh;
			shellScript = "export RCT_METRO_PORT=\"${RCT_METRO_PORT:=8081}\"\necho \"export RCT_METRO_PORT=${RCT_METRO_PORT}\" > \"${SRCROOT}/../node_modules/react-native/scripts/.packager.env\"\nif [ -z \"${RCT_NO_LAUNCH_PACKAGER+xxx}\" ] ; then\n  if nc -w 5 -z localhost ${RCT_METRO_PORT} ; then\n    if ! curl -s \"http://localhost:${RCT_METRO_PORT}/status\" | grep -q \"packager-status:running\" ; then\n      echo \"Port ${RCT_METRO_PORT} already in use, packager is either not running or not running correctly\"\n      exit 2\n    fi\n  else\n    open \"$SRCROOT/../node_modules/react-native/scripts/launchPackager.command\" || echo \"Can't start packager automatically\"\n  fi\nfi\n";
			showEnvVarsInLog = 0;
		};
		C86501692963C2C800E60AEB /* Bundle React Native code and images */ = {
			isa = PBXShellScriptBuildPhase;
			buildActionMask = 2147483647;
			files = (
			);
			inputPaths = (
				"$(SRCROOT)/.xcode.env.local",
				"$(SRCROOT)/.xcode.env",
			);
			name = "Bundle React Native code and images";
			outputPaths = (
			);
			runOnlyForDeploymentPostprocessing = 0;
			shellPath = /bin/sh;
			shellScript = "set -e\n\nWITH_ENVIRONMENT=\"../node_modules/react-native/scripts/xcode/with-environment.sh\"\nREACT_NATIVE_XCODE=\"../node_modules/react-native/scripts/react-native-xcode.sh\"\n\n/bin/sh -c \"$WITH_ENVIRONMENT $REACT_NATIVE_XCODE\"\n";
		};
		C865016A2963C2C800E60AEB /* [CP] Embed Pods Frameworks */ = {
			isa = PBXShellScriptBuildPhase;
			buildActionMask = 2147483647;
			files = (
			);
			inputFileListPaths = (
				"${PODS_ROOT}/Target Support Files/Pods-sr_marketplace_reactnativeCommonPods-develop/Pods-sr_marketplace_reactnativeCommonPods-develop-frameworks-${CONFIGURATION}-input-files.xcfilelist",
			);
			name = "[CP] Embed Pods Frameworks";
			outputFileListPaths = (
				"${PODS_ROOT}/Target Support Files/Pods-sr_marketplace_reactnativeCommonPods-develop/Pods-sr_marketplace_reactnativeCommonPods-develop-frameworks-${CONFIGURATION}-output-files.xcfilelist",
			);
			runOnlyForDeploymentPostprocessing = 0;
			shellPath = /bin/sh;
			shellScript = "\"${PODS_ROOT}/Target Support Files/Pods-sr_marketplace_reactnativeCommonPods-develop/Pods-sr_marketplace_reactnativeCommonPods-develop-frameworks.sh\"\n";
			showEnvVarsInLog = 0;
		};
		C865016B2963C2C800E60AEB /* [CP] Copy Pods Resources */ = {
			isa = PBXShellScriptBuildPhase;
			buildActionMask = 2147483647;
			files = (
			);
			inputFileListPaths = (
				"${PODS_ROOT}/Target Support Files/Pods-sr_marketplace_reactnativeCommonPods-develop/Pods-sr_marketplace_reactnativeCommonPods-develop-resources-${CONFIGURATION}-input-files.xcfilelist",
			);
			name = "[CP] Copy Pods Resources";
			outputFileListPaths = (
				"${PODS_ROOT}/Target Support Files/Pods-sr_marketplace_reactnativeCommonPods-develop/Pods-sr_marketplace_reactnativeCommonPods-develop-resources-${CONFIGURATION}-output-files.xcfilelist",
			);
			runOnlyForDeploymentPostprocessing = 0;
			shellPath = /bin/sh;
			shellScript = "\"${PODS_ROOT}/Target Support Files/Pods-sr_marketplace_reactnativeCommonPods-develop/Pods-sr_marketplace_reactnativeCommonPods-develop-resources.sh\"\n";
			showEnvVarsInLog = 0;
		};
		C86501722963C2CE00E60AEB /* [CP] Check Pods Manifest.lock */ = {
			isa = PBXShellScriptBuildPhase;
			buildActionMask = 2147483647;
			files = (
			);
			inputFileListPaths = (
			);
			inputPaths = (
				"${PODS_PODFILE_DIR_PATH}/Podfile.lock",
				"${PODS_ROOT}/Manifest.lock",
			);
			name = "[CP] Check Pods Manifest.lock";
			outputFileListPaths = (
			);
			outputPaths = (
				"$(DERIVED_FILE_DIR)/Pods-sr_marketplace_reactnativeCommonPods-staging-checkManifestLockResult.txt",
			);
			runOnlyForDeploymentPostprocessing = 0;
			shellPath = /bin/sh;
			shellScript = "diff \"${PODS_PODFILE_DIR_PATH}/Podfile.lock\" \"${PODS_ROOT}/Manifest.lock\" > /dev/null\nif [ $? != 0 ] ; then\n    # print error to STDERR\n    echo \"error: The sandbox is not in sync with the Podfile.lock. Run 'pod install' or update your CocoaPods installation.\" >&2\n    exit 1\nfi\n# This output is used by Xcode 'outputs' to avoid re-running this script phase.\necho \"SUCCESS\" > \"${SCRIPT_OUTPUT_FILE_0}\"\n";
			showEnvVarsInLog = 0;
		};
		C86501732963C2CE00E60AEB /* Start Packager */ = {
			isa = PBXShellScriptBuildPhase;
			buildActionMask = 2147483647;
			files = (
			);
			inputFileListPaths = (
			);
			inputPaths = (
			);
			name = "Start Packager";
			outputFileListPaths = (
			);
			outputPaths = (
			);
			runOnlyForDeploymentPostprocessing = 0;
			shellPath = /bin/sh;
			shellScript = "export RCT_METRO_PORT=\"${RCT_METRO_PORT:=8081}\"\necho \"export RCT_METRO_PORT=${RCT_METRO_PORT}\" > \"${SRCROOT}/../node_modules/react-native/scripts/.packager.env\"\nif [ -z \"${RCT_NO_LAUNCH_PACKAGER+xxx}\" ] ; then\n  if nc -w 5 -z localhost ${RCT_METRO_PORT} ; then\n    if ! curl -s \"http://localhost:${RCT_METRO_PORT}/status\" | grep -q \"packager-status:running\" ; then\n      echo \"Port ${RCT_METRO_PORT} already in use, packager is either not running or not running correctly\"\n      exit 2\n    fi\n  else\n    open \"$SRCROOT/../node_modules/react-native/scripts/launchPackager.command\" || echo \"Can't start packager automatically\"\n  fi\nfi\n";
			showEnvVarsInLog = 0;
		};
		C865017C2963C2CE00E60AEB /* Bundle React Native code and images */ = {
			isa = PBXShellScriptBuildPhase;
			buildActionMask = 2147483647;
			files = (
			);
			inputPaths = (
				"$(SRCROOT)/.xcode.env.local",
				"$(SRCROOT)/.xcode.env",
			);
			name = "Bundle React Native code and images";
			outputPaths = (
			);
			runOnlyForDeploymentPostprocessing = 0;
			shellPath = /bin/sh;
			shellScript = "set -e\n\nWITH_ENVIRONMENT=\"../node_modules/react-native/scripts/xcode/with-environment.sh\"\nREACT_NATIVE_XCODE=\"../node_modules/react-native/scripts/react-native-xcode.sh\"\n\n/bin/sh -c \"$WITH_ENVIRONMENT $REACT_NATIVE_XCODE\"\n";
		};
		C865017D2963C2CE00E60AEB /* [CP] Embed Pods Frameworks */ = {
			isa = PBXShellScriptBuildPhase;
			buildActionMask = 2147483647;
			files = (
			);
			inputFileListPaths = (
				"${PODS_ROOT}/Target Support Files/Pods-sr_marketplace_reactnativeCommonPods-staging/Pods-sr_marketplace_reactnativeCommonPods-staging-frameworks-${CONFIGURATION}-input-files.xcfilelist",
			);
			name = "[CP] Embed Pods Frameworks";
			outputFileListPaths = (
				"${PODS_ROOT}/Target Support Files/Pods-sr_marketplace_reactnativeCommonPods-staging/Pods-sr_marketplace_reactnativeCommonPods-staging-frameworks-${CONFIGURATION}-output-files.xcfilelist",
			);
			runOnlyForDeploymentPostprocessing = 0;
			shellPath = /bin/sh;
			shellScript = "\"${PODS_ROOT}/Target Support Files/Pods-sr_marketplace_reactnativeCommonPods-staging/Pods-sr_marketplace_reactnativeCommonPods-staging-frameworks.sh\"\n";
			showEnvVarsInLog = 0;
		};
		C865017E2963C2CE00E60AEB /* [CP] Copy Pods Resources */ = {
			isa = PBXShellScriptBuildPhase;
			buildActionMask = 2147483647;
			files = (
			);
			inputFileListPaths = (
				"${PODS_ROOT}/Target Support Files/Pods-sr_marketplace_reactnativeCommonPods-staging/Pods-sr_marketplace_reactnativeCommonPods-staging-resources-${CONFIGURATION}-input-files.xcfilelist",
			);
			name = "[CP] Copy Pods Resources";
			outputFileListPaths = (
				"${PODS_ROOT}/Target Support Files/Pods-sr_marketplace_reactnativeCommonPods-staging/Pods-sr_marketplace_reactnativeCommonPods-staging-resources-${CONFIGURATION}-output-files.xcfilelist",
			);
			runOnlyForDeploymentPostprocessing = 0;
			shellPath = /bin/sh;
			shellScript = "\"${PODS_ROOT}/Target Support Files/Pods-sr_marketplace_reactnativeCommonPods-staging/Pods-sr_marketplace_reactnativeCommonPods-staging-resources.sh\"\n";
			showEnvVarsInLog = 0;
		};
		C86501852963C2D000E60AEB /* [CP] Check Pods Manifest.lock */ = {
			isa = PBXShellScriptBuildPhase;
			buildActionMask = 2147483647;
			files = (
			);
			inputFileListPaths = (
			);
			inputPaths = (
				"${PODS_PODFILE_DIR_PATH}/Podfile.lock",
				"${PODS_ROOT}/Manifest.lock",
			);
			name = "[CP] Check Pods Manifest.lock";
			outputFileListPaths = (
			);
			outputPaths = (
				"$(DERIVED_FILE_DIR)/Pods-sr_marketplace_reactnativeCommonPods-production-checkManifestLockResult.txt",
			);
			runOnlyForDeploymentPostprocessing = 0;
			shellPath = /bin/sh;
			shellScript = "diff \"${PODS_PODFILE_DIR_PATH}/Podfile.lock\" \"${PODS_ROOT}/Manifest.lock\" > /dev/null\nif [ $? != 0 ] ; then\n    # print error to STDERR\n    echo \"error: The sandbox is not in sync with the Podfile.lock. Run 'pod install' or update your CocoaPods installation.\" >&2\n    exit 1\nfi\n# This output is used by Xcode 'outputs' to avoid re-running this script phase.\necho \"SUCCESS\" > \"${SCRIPT_OUTPUT_FILE_0}\"\n";
			showEnvVarsInLog = 0;
		};
		C86501862963C2D000E60AEB /* Start Packager */ = {
			isa = PBXShellScriptBuildPhase;
			buildActionMask = 2147483647;
			files = (
			);
			inputFileListPaths = (
			);
			inputPaths = (
			);
			name = "Start Packager";
			outputFileListPaths = (
			);
			outputPaths = (
			);
			runOnlyForDeploymentPostprocessing = 0;
			shellPath = /bin/sh;
			shellScript = "export RCT_METRO_PORT=\"${RCT_METRO_PORT:=8081}\"\necho \"export RCT_METRO_PORT=${RCT_METRO_PORT}\" > \"${SRCROOT}/../node_modules/react-native/scripts/.packager.env\"\nif [ -z \"${RCT_NO_LAUNCH_PACKAGER+xxx}\" ] ; then\n  if nc -w 5 -z localhost ${RCT_METRO_PORT} ; then\n    if ! curl -s \"http://localhost:${RCT_METRO_PORT}/status\" | grep -q \"packager-status:running\" ; then\n      echo \"Port ${RCT_METRO_PORT} already in use, packager is either not running or not running correctly\"\n      exit 2\n    fi\n  else\n    open \"$SRCROOT/../node_modules/react-native/scripts/launchPackager.command\" || echo \"Can't start packager automatically\"\n  fi\nfi\n";
			showEnvVarsInLog = 0;
		};
		C865018F2963C2D000E60AEB /* Bundle React Native code and images */ = {
			isa = PBXShellScriptBuildPhase;
			buildActionMask = 2147483647;
			files = (
			);
			inputPaths = (
				"$(SRCROOT)/.xcode.env.local",
				"$(SRCROOT)/.xcode.env",
			);
			name = "Bundle React Native code and images";
			outputPaths = (
			);
			runOnlyForDeploymentPostprocessing = 0;
			shellPath = /bin/sh;
			shellScript = "set -e\n\nWITH_ENVIRONMENT=\"../node_modules/react-native/scripts/xcode/with-environment.sh\"\nREACT_NATIVE_XCODE=\"../node_modules/react-native/scripts/react-native-xcode.sh\"\n\n/bin/sh -c \"$WITH_ENVIRONMENT $REACT_NATIVE_XCODE\"\n";
		};
		C86501902963C2D000E60AEB /* [CP] Embed Pods Frameworks */ = {
			isa = PBXShellScriptBuildPhase;
			buildActionMask = 2147483647;
			files = (
			);
			inputFileListPaths = (
				"${PODS_ROOT}/Target Support Files/Pods-sr_marketplace_reactnativeCommonPods-production/Pods-sr_marketplace_reactnativeCommonPods-production-frameworks-${CONFIGURATION}-input-files.xcfilelist",
			);
			name = "[CP] Embed Pods Frameworks";
			outputFileListPaths = (
				"${PODS_ROOT}/Target Support Files/Pods-sr_marketplace_reactnativeCommonPods-production/Pods-sr_marketplace_reactnativeCommonPods-production-frameworks-${CONFIGURATION}-output-files.xcfilelist",
			);
			runOnlyForDeploymentPostprocessing = 0;
			shellPath = /bin/sh;
			shellScript = "\"${PODS_ROOT}/Target Support Files/Pods-sr_marketplace_reactnativeCommonPods-production/Pods-sr_marketplace_reactnativeCommonPods-production-frameworks.sh\"\n";
			showEnvVarsInLog = 0;
		};
		C86501912963C2D000E60AEB /* [CP] Copy Pods Resources */ = {
			isa = PBXShellScriptBuildPhase;
			buildActionMask = 2147483647;
			files = (
			);
			inputFileListPaths = (
				"${PODS_ROOT}/Target Support Files/Pods-sr_marketplace_reactnativeCommonPods-production/Pods-sr_marketplace_reactnativeCommonPods-production-resources-${CONFIGURATION}-input-files.xcfilelist",
			);
			name = "[CP] Copy Pods Resources";
			outputFileListPaths = (
				"${PODS_ROOT}/Target Support Files/Pods-sr_marketplace_reactnativeCommonPods-production/Pods-sr_marketplace_reactnativeCommonPods-production-resources-${CONFIGURATION}-output-files.xcfilelist",
			);
			runOnlyForDeploymentPostprocessing = 0;
			shellPath = /bin/sh;
			shellScript = "\"${PODS_ROOT}/Target Support Files/Pods-sr_marketplace_reactnativeCommonPods-production/Pods-sr_marketplace_reactnativeCommonPods-production-resources.sh\"\n";
			showEnvVarsInLog = 0;
		};
		F6A41C54EA430FDDC6A6ED99 /* [CP] Copy Pods Resources */ = {
			isa = PBXShellScriptBuildPhase;
			buildActionMask = 2147483647;
			files = (
			);
			inputFileListPaths = (
				"${PODS_ROOT}/Target Support Files/Pods-sr_marketplace_reactnativeCommonPods-sr_marketplace_reactnativeTests/Pods-sr_marketplace_reactnativeCommonPods-sr_marketplace_reactnativeTests-resources-${CONFIGURATION}-input-files.xcfilelist",
			);
			name = "[CP] Copy Pods Resources";
			outputFileListPaths = (
				"${PODS_ROOT}/Target Support Files/Pods-sr_marketplace_reactnativeCommonPods-sr_marketplace_reactnativeTests/Pods-sr_marketplace_reactnativeCommonPods-sr_marketplace_reactnativeTests-resources-${CONFIGURATION}-output-files.xcfilelist",
			);
			runOnlyForDeploymentPostprocessing = 0;
			shellPath = /bin/sh;
			shellScript = "\"${PODS_ROOT}/Target Support Files/Pods-sr_marketplace_reactnativeCommonPods-sr_marketplace_reactnativeTests/Pods-sr_marketplace_reactnativeCommonPods-sr_marketplace_reactnativeTests-resources.sh\"\n";
			showEnvVarsInLog = 0;
		};
/* End PBXShellScriptBuildPhase section */

/* Begin PBXSourcesBuildPhase section */
		00E356EA1AD99517003FC87E /* Sources */ = {
			isa = PBXSourcesBuildPhase;
			buildActionMask = 2147483647;
			files = (
				00E356F31AD99517003FC87E /* sr_marketplace_reactnativeTests.m in Sources */,
			);
			runOnlyForDeploymentPostprocessing = 0;
		};
		C86501612963C2C800E60AEB /* Sources */ = {
			isa = PBXSourcesBuildPhase;
			buildActionMask = 2147483647;
			files = (
				C86501622963C2C800E60AEB /* AppDelegate.mm in Sources */,
				C86501632963C2C800E60AEB /* main.m in Sources */,
			);
			runOnlyForDeploymentPostprocessing = 0;
		};
		C86501742963C2CE00E60AEB /* Sources */ = {
			isa = PBXSourcesBuildPhase;
			buildActionMask = 2147483647;
			files = (
				C86501752963C2CE00E60AEB /* AppDelegate.mm in Sources */,
				C86501762963C2CE00E60AEB /* main.m in Sources */,
			);
			runOnlyForDeploymentPostprocessing = 0;
		};
		C86501872963C2D000E60AEB /* Sources */ = {
			isa = PBXSourcesBuildPhase;
			buildActionMask = 2147483647;
			files = (
				C86501882963C2D000E60AEB /* AppDelegate.mm in Sources */,
				C86501892963C2D000E60AEB /* main.m in Sources */,
			);
			runOnlyForDeploymentPostprocessing = 0;
		};
/* End PBXSourcesBuildPhase section */

/* Begin XCBuildConfiguration section */
		00E356F61AD99517003FC87E /* Debug */ = {
			isa = XCBuildConfiguration;
			baseConfigurationReference = 42703207B02CB3728F75EAAB /* Pods-sr_marketplace_reactnativeCommonPods-sr_marketplace_reactnativeTests.debug.xcconfig */;
			buildSettings = {
				BUNDLE_LOADER = "$(TEST_HOST)";
				GCC_PREPROCESSOR_DEFINITIONS = (
					"DEBUG=1",
					"$(inherited)",
				);
				INFOPLIST_FILE = sr_marketplace_reactnativeTests/Info.plist;
				IPHONEOS_DEPLOYMENT_TARGET = 12.4;
				LD_RUNPATH_SEARCH_PATHS = (
					"$(inherited)",
					"@executable_path/Frameworks",
					"@loader_path/Frameworks",
				);
				OTHER_LDFLAGS = (
					"-ObjC",
					"-lc++",
					"$(inherited)",
				);
				PRODUCT_BUNDLE_IDENTIFIER = "org.reactjs.native.example.$(PRODUCT_NAME:rfc1034identifier)";
				PRODUCT_NAME = "$(TARGET_NAME)";
				TEST_HOST = "$(BUILT_PRODUCTS_DIR)/sr_marketplace_reactnative.app/sr_marketplace_reactnative";
			};
			name = Debug;
		};
		00E356F71AD99517003FC87E /* Release */ = {
			isa = XCBuildConfiguration;
			baseConfigurationReference = EEC977D345454E8CB7501F8F /* Pods-sr_marketplace_reactnativeCommonPods-sr_marketplace_reactnativeTests.release.xcconfig */;
			buildSettings = {
				BUNDLE_LOADER = "$(TEST_HOST)";
				COPY_PHASE_STRIP = NO;
				INFOPLIST_FILE = sr_marketplace_reactnativeTests/Info.plist;
				IPHONEOS_DEPLOYMENT_TARGET = 12.4;
				LD_RUNPATH_SEARCH_PATHS = (
					"$(inherited)",
					"@executable_path/Frameworks",
					"@loader_path/Frameworks",
				);
				OTHER_LDFLAGS = (
					"-ObjC",
					"-lc++",
					"$(inherited)",
				);
				PRODUCT_BUNDLE_IDENTIFIER = "org.reactjs.native.example.$(PRODUCT_NAME:rfc1034identifier)";
				PRODUCT_NAME = "$(TARGET_NAME)";
				TEST_HOST = "$(BUILT_PRODUCTS_DIR)/sr_marketplace_reactnative.app/sr_marketplace_reactnative";
			};
			name = Release;
		};
		83CBBA201A601CBA00E9B192 /* Debug */ = {
			isa = XCBuildConfiguration;
			baseConfigurationReference = C86501972963CAF200E60AEB /* Config.xcconfig */;
			buildSettings = {
				ALWAYS_SEARCH_USER_PATHS = NO;
				CLANG_ANALYZER_LOCALIZABILITY_NONLOCALIZED = YES;
				CLANG_CXX_LANGUAGE_STANDARD = "c++17";
				CLANG_CXX_LIBRARY = "libc++";
				CLANG_ENABLE_MODULES = YES;
				CLANG_ENABLE_OBJC_ARC = YES;
				CLANG_WARN_BLOCK_CAPTURE_AUTORELEASING = YES;
				CLANG_WARN_BOOL_CONVERSION = YES;
				CLANG_WARN_COMMA = YES;
				CLANG_WARN_CONSTANT_CONVERSION = YES;
				CLANG_WARN_DEPRECATED_OBJC_IMPLEMENTATIONS = YES;
				CLANG_WARN_DIRECT_OBJC_ISA_USAGE = YES_ERROR;
				CLANG_WARN_EMPTY_BODY = YES;
				CLANG_WARN_ENUM_CONVERSION = YES;
				CLANG_WARN_INFINITE_RECURSION = YES;
				CLANG_WARN_INT_CONVERSION = YES;
				CLANG_WARN_NON_LITERAL_NULL_CONVERSION = YES;
				CLANG_WARN_OBJC_IMPLICIT_RETAIN_SELF = YES;
				CLANG_WARN_OBJC_LITERAL_CONVERSION = YES;
				CLANG_WARN_OBJC_ROOT_CLASS = YES_ERROR;
				CLANG_WARN_QUOTED_INCLUDE_IN_FRAMEWORK_HEADER = YES;
				CLANG_WARN_RANGE_LOOP_ANALYSIS = YES;
				CLANG_WARN_STRICT_PROTOTYPES = YES;
				CLANG_WARN_SUSPICIOUS_MOVE = YES;
				CLANG_WARN_UNREACHABLE_CODE = YES;
				CLANG_WARN__DUPLICATE_METHOD_MATCH = YES;
				"CODE_SIGN_IDENTITY[sdk=iphoneos*]" = "iPhone Developer";
				COPY_PHASE_STRIP = NO;
				ENABLE_STRICT_OBJC_MSGSEND = YES;
				ENABLE_TESTABILITY = YES;
				"EXCLUDED_ARCHS[sdk=iphonesimulator*]" = i386;
				GCC_C_LANGUAGE_STANDARD = gnu99;
				GCC_DYNAMIC_NO_PIC = NO;
				GCC_NO_COMMON_BLOCKS = YES;
				GCC_OPTIMIZATION_LEVEL = 0;
				GCC_PREPROCESSOR_DEFINITIONS = (
					"DEBUG=1",
					"$(inherited)",
				);
				GCC_SYMBOLS_PRIVATE_EXTERN = NO;
				GCC_WARN_64_TO_32_BIT_CONVERSION = YES;
				GCC_WARN_ABOUT_RETURN_TYPE = YES_ERROR;
				GCC_WARN_UNDECLARED_SELECTOR = YES;
				GCC_WARN_UNINITIALIZED_AUTOS = YES_AGGRESSIVE;
				GCC_WARN_UNUSED_FUNCTION = YES;
				GCC_WARN_UNUSED_VARIABLE = YES;
				IPHONEOS_DEPLOYMENT_TARGET = 12.4;
				LD_RUNPATH_SEARCH_PATHS = (
					/usr/lib/swift,
					"$(inherited)",
				);
				LIBRARY_SEARCH_PATHS = (
					"\"$(SDKROOT)/usr/lib/swift\"",
					"\"$(TOOLCHAIN_DIR)/usr/lib/swift/$(PLATFORM_NAME)\"",
					"\"$(inherited)\"",
				);
				MTL_ENABLE_DEBUG_INFO = YES;
				ONLY_ACTIVE_ARCH = YES;
				OTHER_CPLUSPLUSFLAGS = (
					"$(OTHER_CFLAGS)",
					"-DFOLLY_NO_CONFIG",
					"-DFOLLY_MOBILE=1",
					"-DFOLLY_USE_LIBCPP=1",
				);
				REACT_NATIVE_PATH = "${PODS_ROOT}/../../node_modules/react-native";
				SDKROOT = iphoneos;
			};
			name = Debug;
		};
		83CBBA211A601CBA00E9B192 /* Release */ = {
			isa = XCBuildConfiguration;
			baseConfigurationReference = C86501972963CAF200E60AEB /* Config.xcconfig */;
			buildSettings = {
				ALWAYS_SEARCH_USER_PATHS = NO;
				CLANG_ANALYZER_LOCALIZABILITY_NONLOCALIZED = YES;
				CLANG_CXX_LANGUAGE_STANDARD = "c++17";
				CLANG_CXX_LIBRARY = "libc++";
				CLANG_ENABLE_MODULES = YES;
				CLANG_ENABLE_OBJC_ARC = YES;
				CLANG_WARN_BLOCK_CAPTURE_AUTORELEASING = YES;
				CLANG_WARN_BOOL_CONVERSION = YES;
				CLANG_WARN_COMMA = YES;
				CLANG_WARN_CONSTANT_CONVERSION = YES;
				CLANG_WARN_DEPRECATED_OBJC_IMPLEMENTATIONS = YES;
				CLANG_WARN_DIRECT_OBJC_ISA_USAGE = YES_ERROR;
				CLANG_WARN_EMPTY_BODY = YES;
				CLANG_WARN_ENUM_CONVERSION = YES;
				CLANG_WARN_INFINITE_RECURSION = YES;
				CLANG_WARN_INT_CONVERSION = YES;
				CLANG_WARN_NON_LITERAL_NULL_CONVERSION = YES;
				CLANG_WARN_OBJC_IMPLICIT_RETAIN_SELF = YES;
				CLANG_WARN_OBJC_LITERAL_CONVERSION = YES;
				CLANG_WARN_OBJC_ROOT_CLASS = YES_ERROR;
				CLANG_WARN_QUOTED_INCLUDE_IN_FRAMEWORK_HEADER = YES;
				CLANG_WARN_RANGE_LOOP_ANALYSIS = YES;
				CLANG_WARN_STRICT_PROTOTYPES = YES;
				CLANG_WARN_SUSPICIOUS_MOVE = YES;
				CLANG_WARN_UNREACHABLE_CODE = YES;
				CLANG_WARN__DUPLICATE_METHOD_MATCH = YES;
				"CODE_SIGN_IDENTITY[sdk=iphoneos*]" = "iPhone Developer";
				COPY_PHASE_STRIP = YES;
				ENABLE_NS_ASSERTIONS = NO;
				ENABLE_STRICT_OBJC_MSGSEND = YES;
				"EXCLUDED_ARCHS[sdk=iphonesimulator*]" = i386;
				GCC_C_LANGUAGE_STANDARD = gnu99;
				GCC_NO_COMMON_BLOCKS = YES;
				GCC_WARN_64_TO_32_BIT_CONVERSION = YES;
				GCC_WARN_ABOUT_RETURN_TYPE = YES_ERROR;
				GCC_WARN_UNDECLARED_SELECTOR = YES;
				GCC_WARN_UNINITIALIZED_AUTOS = YES_AGGRESSIVE;
				GCC_WARN_UNUSED_FUNCTION = YES;
				GCC_WARN_UNUSED_VARIABLE = YES;
				IPHONEOS_DEPLOYMENT_TARGET = 12.4;
				LD_RUNPATH_SEARCH_PATHS = (
					/usr/lib/swift,
					"$(inherited)",
				);
				LIBRARY_SEARCH_PATHS = (
					"\"$(SDKROOT)/usr/lib/swift\"",
					"\"$(TOOLCHAIN_DIR)/usr/lib/swift/$(PLATFORM_NAME)\"",
					"\"$(inherited)\"",
				);
				MTL_ENABLE_DEBUG_INFO = NO;
				OTHER_CPLUSPLUSFLAGS = (
					"$(OTHER_CFLAGS)",
					"-DFOLLY_NO_CONFIG",
					"-DFOLLY_MOBILE=1",
					"-DFOLLY_USE_LIBCPP=1",
				);
				REACT_NATIVE_PATH = "${PODS_ROOT}/../../node_modules/react-native";
				SDKROOT = iphoneos;
				VALIDATE_PRODUCT = YES;
			};
			name = Release;
		};
		C865016D2963C2C800E60AEB /* Debug */ = {
			isa = XCBuildConfiguration;
			baseConfigurationReference = BA1D73B4B66EAC5B60BB77CD /* Pods-sr_marketplace_reactnativeCommonPods-develop.debug.xcconfig */;
			buildSettings = {
				ASSETCATALOG_COMPILER_APPICON_NAME = AppIcon;
				CLANG_ENABLE_MODULES = YES;
				CODE_SIGN_STYLE = Manual;
				CURRENT_PROJECT_VERSION = 1;
				DEVELOPMENT_TEAM = "";
				"DEVELOPMENT_TEAM[sdk=iphoneos*]" = ZD8A96Y6GA;
				ENABLE_BITCODE = NO;
				INFOPLIST_FILE = "Info-develop.plist";
				LD_RUNPATH_SEARCH_PATHS = (
					"$(inherited)",
					"@executable_path/Frameworks",
				);
				OTHER_LDFLAGS = (
					"$(inherited)",
					"-ObjC",
					"-lc++",
				);
				PRODUCT_BUNDLE_IDENTIFIER = com.vihat.marketplace.develop;
				PRODUCT_NAME = "$(TARGET_NAME)";
				PROVISIONING_PROFILE_SPECIFIER = "";
				"PROVISIONING_PROFILE_SPECIFIER[sdk=iphoneos*]" = "match Develop com.vihat.marketplace.develop";
				SWIFT_OPTIMIZATION_LEVEL = "-Onone";
				SWIFT_VERSION = 5.0;
				VERSIONING_SYSTEM = "apple-generic";
			};
			name = Debug;
		};
		C865016E2963C2C800E60AEB /* Release */ = {
			isa = XCBuildConfiguration;
			baseConfigurationReference = 83E588C10959E9D7A08A0272 /* Pods-sr_marketplace_reactnativeCommonPods-develop.release.xcconfig */;
			buildSettings = {
				ASSETCATALOG_COMPILER_APPICON_NAME = AppIcon;
				CLANG_ENABLE_MODULES = YES;
				CODE_SIGN_STYLE = Manual;
				CURRENT_PROJECT_VERSION = 1;
				DEVELOPMENT_TEAM = "";
				"DEVELOPMENT_TEAM[sdk=iphoneos*]" = ZD8A96Y6GA;
				INFOPLIST_FILE = "Info-develop.plist";
				LD_RUNPATH_SEARCH_PATHS = (
					"$(inherited)",
					"@executable_path/Frameworks",
				);
				OTHER_LDFLAGS = (
					"$(inherited)",
					"-ObjC",
					"-lc++",
				);
				PRODUCT_BUNDLE_IDENTIFIER = com.vihat.marketplace.develop;
				PRODUCT_NAME = "$(TARGET_NAME)";
				PROVISIONING_PROFILE_SPECIFIER = "";
				"PROVISIONING_PROFILE_SPECIFIER[sdk=iphoneos*]" = "match Develop com.vihat.marketplace.develop";
				SWIFT_VERSION = 5.0;
				VERSIONING_SYSTEM = "apple-generic";
			};
			name = Release;
		};
		C86501802963C2CE00E60AEB /* Debug */ = {
			isa = XCBuildConfiguration;
			baseConfigurationReference = DF72CEA503E5A0E174861EEE /* Pods-sr_marketplace_reactnativeCommonPods-staging.debug.xcconfig */;
			buildSettings = {
				ASSETCATALOG_COMPILER_APPICON_NAME = AppIcon;
				CLANG_ENABLE_MODULES = YES;
				CODE_SIGN_STYLE = Manual;
				CURRENT_PROJECT_VERSION = 1;
				DEVELOPMENT_TEAM = "";
				ENABLE_BITCODE = NO;
				INFOPLIST_FILE = "Info-staging.plist";
				LD_RUNPATH_SEARCH_PATHS = (
					"$(inherited)",
					"@executable_path/Frameworks",
				);
				OTHER_LDFLAGS = (
					"$(inherited)",
					"-ObjC",
					"-lc++",
				);
				PRODUCT_BUNDLE_IDENTIFIER = com.vihat.marketplace.staging;
				PRODUCT_NAME = "$(TARGET_NAME)";
				PROVISIONING_PROFILE_SPECIFIER = "";
				SWIFT_OPTIMIZATION_LEVEL = "-Onone";
				SWIFT_VERSION = 5.0;
				VERSIONING_SYSTEM = "apple-generic";
			};
			name = Debug;
		};
		C86501812963C2CE00E60AEB /* Release */ = {
			isa = XCBuildConfiguration;
			baseConfigurationReference = BE42068E3843E2E786066392 /* Pods-sr_marketplace_reactnativeCommonPods-staging.release.xcconfig */;
			buildSettings = {
				ASSETCATALOG_COMPILER_APPICON_NAME = AppIcon;
				CLANG_ENABLE_MODULES = YES;
				CODE_SIGN_STYLE = Manual;
				CURRENT_PROJECT_VERSION = 1;
				DEVELOPMENT_TEAM = "";
				INFOPLIST_FILE = "Info-staging.plist";
				LD_RUNPATH_SEARCH_PATHS = (
					"$(inherited)",
					"@executable_path/Frameworks",
				);
				OTHER_LDFLAGS = (
					"$(inherited)",
					"-ObjC",
					"-lc++",
				);
				PRODUCT_BUNDLE_IDENTIFIER = com.vihat.marketplace.staging;
				PRODUCT_NAME = "$(TARGET_NAME)";
				PROVISIONING_PROFILE_SPECIFIER = "";
				SWIFT_VERSION = 5.0;
				VERSIONING_SYSTEM = "apple-generic";
			};
			name = Release;
		};
		C86501932963C2D000E60AEB /* Debug */ = {
			isa = XCBuildConfiguration;
			baseConfigurationReference = C324A370B68860579485E5FE /* Pods-sr_marketplace_reactnativeCommonPods-production.debug.xcconfig */;
			buildSettings = {
				ASSETCATALOG_COMPILER_APPICON_NAME = AppIcon;
				CLANG_ENABLE_MODULES = YES;
				CODE_SIGN_STYLE = Manual;
				CURRENT_PROJECT_VERSION = 1;
				DEVELOPMENT_TEAM = "";
				ENABLE_BITCODE = NO;
				INFOPLIST_FILE = "Info-production.plist";
				LD_RUNPATH_SEARCH_PATHS = (
					"$(inherited)",
					"@executable_path/Frameworks",
				);
				OTHER_LDFLAGS = (
					"$(inherited)",
					"-ObjC",
					"-lc++",
				);
				PRODUCT_BUNDLE_IDENTIFIER = com.vihat.marketplace;
				PRODUCT_NAME = "$(TARGET_NAME)";
				PROVISIONING_PROFILE_SPECIFIER = "";
				SWIFT_OPTIMIZATION_LEVEL = "-Onone";
				SWIFT_VERSION = 5.0;
				VERSIONING_SYSTEM = "apple-generic";
			};
			name = Debug;
		};
		C86501942963C2D000E60AEB /* Release */ = {
			isa = XCBuildConfiguration;
			baseConfigurationReference = AD34D3250359F8CB37187866 /* Pods-sr_marketplace_reactnativeCommonPods-production.release.xcconfig */;
			buildSettings = {
				ASSETCATALOG_COMPILER_APPICON_NAME = AppIcon;
				CLANG_ENABLE_MODULES = YES;
				CODE_SIGN_STYLE = Manual;
				CURRENT_PROJECT_VERSION = 1;
				DEVELOPMENT_TEAM = "";
				INFOPLIST_FILE = "Info-production.plist";
				LD_RUNPATH_SEARCH_PATHS = (
					"$(inherited)",
					"@executable_path/Frameworks",
				);
				OTHER_LDFLAGS = (
					"$(inherited)",
					"-ObjC",
					"-lc++",
				);
				PRODUCT_BUNDLE_IDENTIFIER = com.vihat.marketplace;
				PRODUCT_NAME = "$(TARGET_NAME)";
				PROVISIONING_PROFILE_SPECIFIER = "";
				SWIFT_VERSION = 5.0;
				VERSIONING_SYSTEM = "apple-generic";
			};
			name = Release;
		};
/* End XCBuildConfiguration section */

/* Begin XCConfigurationList section */
		00E357021AD99517003FC87E /* Build configuration list for PBXNativeTarget "sr_marketplace_reactnativeTests" */ = {
			isa = XCConfigurationList;
			buildConfigurations = (
				00E356F61AD99517003FC87E /* Debug */,
				00E356F71AD99517003FC87E /* Release */,
			);
			defaultConfigurationIsVisible = 0;
			defaultConfigurationName = Release;
		};
		83CBB9FA1A601CBA00E9B192 /* Build configuration list for PBXProject "sr_marketplace_reactnative" */ = {
			isa = XCConfigurationList;
			buildConfigurations = (
				83CBBA201A601CBA00E9B192 /* Debug */,
				83CBBA211A601CBA00E9B192 /* Release */,
			);
			defaultConfigurationIsVisible = 0;
			defaultConfigurationName = Release;
		};
		C865016C2963C2C800E60AEB /* Build configuration list for PBXNativeTarget "develop" */ = {
			isa = XCConfigurationList;
			buildConfigurations = (
				C865016D2963C2C800E60AEB /* Debug */,
				C865016E2963C2C800E60AEB /* Release */,
			);
			defaultConfigurationIsVisible = 0;
			defaultConfigurationName = Release;
		};
		C865017F2963C2CE00E60AEB /* Build configuration list for PBXNativeTarget "staging" */ = {
			isa = XCConfigurationList;
			buildConfigurations = (
				C86501802963C2CE00E60AEB /* Debug */,
				C86501812963C2CE00E60AEB /* Release */,
			);
			defaultConfigurationIsVisible = 0;
			defaultConfigurationName = Release;
		};
		C86501922963C2D000E60AEB /* Build configuration list for PBXNativeTarget "production" */ = {
			isa = XCConfigurationList;
			buildConfigurations = (
				C86501932963C2D000E60AEB /* Debug */,
				C86501942963C2D000E60AEB /* Release */,
			);
			defaultConfigurationIsVisible = 0;
			defaultConfigurationName = Release;
		};
/* End XCConfigurationList section */
	};
	rootObject = 83CBB9F71A601CBA00E9B192 /* Project object */;
}
